
Microsoft Visual Studio Solution File, Format Version 12.00
# Visual Studio Version 16
VisualStudioVersion = 25.0.1705.0
MinimumVisualStudioVersion = 10.0.40219.1
Project("{FAE04EC0-301F-11D3-BF4B-00C04F79EFBC}") = "MinElementFinderByMultiThreaded", "MinElementFinderByMultiThreaded\MinElementFinderByMultiThreaded.csproj", "{777E0B90-D612-4F49-BB91-3CE341E94309}"
EndProject
Global
	GlobalSection(SolutionConfigurationPlatforms) = preSolution
		Debug|Any CPU = Debug|Any CPU
		Release|Any CPU = Release|Any CPU
	EndGlobalSection
	GlobalSection(ProjectConfigurationPlatforms) = postSolution
		{777E0B90-D612-4F49-BB91-3CE341E94309}.Debug|Any CPU.ActiveCfg = Debug|Any CPU
		{777E0B90-D612-4F49-BB91-3CE341E94309}.Debug|Any CPU.Build.0 = Debug|Any CPU
		{777E0B90-D612-4F49-BB91-3CE341E94309}.Release|Any CPU.ActiveCfg = Release|Any CPU
		{777E0B90-D612-4F49-BB91-3CE341E94309}.Release|Any CPU.Build.0 = Release|Any CPU
	EndGlobalSection
	GlobalSection(SolutionProperties) = preSolution
		HideSolutionNode = FALSE
	EndGlobalSection
	GlobalSection(ExtensibilityGlobals) = postSolution
		SolutionGuid = {11F5C9B9-DF53-47E7-825C-778837DCA66B}
	EndGlobalSection
EndGlobal
